
Microsoft Visual Studio Solution File, Format Version 11.00
# Visual Studio 2010
Project("{E24C65DC-7377-472B-9ABA-BC803B73C61A}") = "OnlineMusicStore", "..\..\WebSites\OnlineMusicStore\", "{3164E6DE-B2F4-4353-97A8-4AE134426184}"
	ProjectSection(WebsiteProperties) = preProject
		TargetFrameworkMoniker = ".NETFramework,Version%3Dv4.0"
		Debug.AspNetCompiler.VirtualPath = "/OnlineMusicStore"
		Debug.AspNetCompiler.PhysicalPath = "..\..\WebSites\OnlineMusicStore\"
		Debug.AspNetCompiler.TargetPath = "PrecompiledWeb\OnlineMusicStore\"
		Debug.AspNetCompiler.Updateable = "true"
		Debug.AspNetCompiler.ForceOverwrite = "true"
		Debug.AspNetCompiler.FixedNames = "false"
		Debug.AspNetCompiler.Debug = "True"
		Release.AspNetCompiler.VirtualPath = "/OnlineMusicStore"
		Release.AspNetCompiler.PhysicalPath = "..\..\WebSites\OnlineMusicStore\"
		Release.AspNetCompiler.TargetPath = "PrecompiledWeb\OnlineMusicStore\"
		Release.AspNetCompiler.Updateable = "true"
		Release.AspNetCompiler.ForceOverwrite = "true"
		Release.AspNetCompiler.FixedNames = "false"
		Release.AspNetCompiler.Debug = "False"
		VWDPort = "47659"
		DefaultWebSiteLanguage = "Visual C#"
	EndProjectSection
EndProject
Global
	GlobalSection(SolutionConfigurationPlatforms) = preSolution
		Debug|Any CPU = Debug|Any CPU
	EndGlobalSection
	GlobalSection(ProjectConfigurationPlatforms) = postSolution
		{3164E6DE-B2F4-4353-97A8-4AE134426184}.Debug|Any CPU.ActiveCfg = Debug|Any CPU
		{3164E6DE-B2F4-4353-97A8-4AE134426184}.Debug|Any CPU.Build.0 = Debug|Any CPU
	EndGlobalSection
	GlobalSection(SolutionProperties) = preSolution
		HideSolutionNode = FALSE
	EndGlobalSection
EndGlobal
